// !$*UTF8*$!
{
	archiveVersion = 1;
	classes = {
	};
	objectVersion = 50;
	objects = {

/* Begin PBXBuildFile section */
		C5119B3122262FC5005DA1DC /* AppDelegate.swift in Sources */ = {isa = PBXBuildFile; fileRef = C5119B3022262FC5005DA1DC /* AppDelegate.swift */; };
		C5119B3322262FC5005DA1DC /* ViewController.swift in Sources */ = {isa = PBXBuildFile; fileRef = C5119B3222262FC5005DA1DC /* ViewController.swift */; };
		C5119B3622262FC5005DA1DC /* Main.storyboard in Resources */ = {isa = PBXBuildFile; fileRef = C5119B3422262FC5005DA1DC /* Main.storyboard */; };
		C5119B3822262FC9005DA1DC /* Assets.xcassets in Resources */ = {isa = PBXBuildFile; fileRef = C5119B3722262FC9005DA1DC /* Assets.xcassets */; };
		C5119B3B22262FC9005DA1DC /* LaunchScreen.storyboard in Resources */ = {isa = PBXBuildFile; fileRef = C5119B3922262FC9005DA1DC /* LaunchScreen.storyboard */; };
		C5119B4622262FC9005DA1DC /* IOS_TwitterTests.swift in Sources */ = {isa = PBXBuildFile; fileRef = C5119B4522262FC9005DA1DC /* IOS_TwitterTests.swift */; };
		C5119B5122262FC9005DA1DC /* IOS_TwitterUITests.swift in Sources */ = {isa = PBXBuildFile; fileRef = C5119B5022262FC9005DA1DC /* IOS_TwitterUITests.swift */; };
/* End PBXBuildFile section */

/* Begin PBXContainerItemProxy section */
		C5119B4222262FC9005DA1DC /* PBXContainerItemProxy */ = {
			isa = PBXContainerItemProxy;
			containerPortal = C5119B2522262FC4005DA1DC /* Project object */;
			proxyType = 1;
			remoteGlobalIDString = C5119B2C22262FC4005DA1DC;
			remoteInfo = IOS_Twitter;
		};
		C5119B4D22262FC9005DA1DC /* PBXContainerItemProxy */ = {
			isa = PBXContainerItemProxy;
			containerPortal = C5119B2522262FC4005DA1DC /* Project object */;
			proxyType = 1;
			remoteGlobalIDString = C5119B2C22262FC4005DA1DC;
			remoteInfo = IOS_Twitter;
		};
/* End PBXContainerItemProxy section */

/* Begin PBXFileReference section */
		C5119B2D22262FC4005DA1DC /* IOS_Twitter.app */ = {isa = PBXFileReference; explicitFileType = wrapper.application; includeInIndex = 0; path = IOS_Twitter.app; sourceTree = BUILT_PRODUCTS_DIR; };
		C5119B3022262FC5005DA1DC /* AppDelegate.swift */ = {isa = PBXFileReference; lastKnownFileType = sourcecode.swift; path = AppDelegate.swift; sourceTree = "<group>"; };
		C5119B3222262FC5005DA1DC /* ViewController.swift */ = {isa = PBXFileReference; lastKnownFileType = sourcecode.swift; path = ViewController.swift; sourceTree = "<group>"; };
		C5119B3522262FC5005DA1DC /* Base */ = {isa = PBXFileReference; lastKnownFileType = file.storyboard; name = Base; path = Base.lproj/Main.storyboard; sourceTree = "<group>"; };
		C5119B3722262FC9005DA1DC /* Assets.xcassets */ = {isa = PBXFileReference; lastKnownFileType = folder.assetcatalog; path = Assets.xcassets; sourceTree = "<group>"; };
		C5119B3A22262FC9005DA1DC /* Base */ = {isa = PBXFileReference; lastKnownFileType = file.storyboard; name = Base; path = Base.lproj/LaunchScreen.storyboard; sourceTree = "<group>"; };
		C5119B3C22262FC9005DA1DC /* Info.plist */ = {isa = PBXFileReference; lastKnownFileType = text.plist.xml; path = Info.plist; sourceTree = "<group>"; };
		C5119B4122262FC9005DA1DC /* IOS_TwitterTests.xctest */ = {isa = PBXFileReference; explicitFileType = wrapper.cfbundle; includeInIndex = 0; path = IOS_TwitterTests.xctest; sourceTree = BUILT_PRODUCTS_DIR; };
		C5119B4522262FC9005DA1DC /* IOS_TwitterTests.swift */ = {isa = PBXFileReference; lastKnownFileType = sourcecode.swift; path = IOS_TwitterTests.swift; sourceTree = "<group>"; };
		C5119B4722262FC9005DA1DC /* Info.plist */ = {isa = PBXFileReference; lastKnownFileType = text.plist.xml; path = Info.plist; sourceTree = "<group>"; };
		C5119B4C22262FC9005DA1DC /* IOS_TwitterUITests.xctest */ = {isa = PBXFileReference; explicitFileType = wrapper.cfbundle; includeInIndex = 0; path = IOS_TwitterUITests.xctest; sourceTree = BUILT_PRODUCTS_DIR; };
		C5119B5022262FC9005DA1DC /* IOS_TwitterUITests.swift */ = {isa = PBXFileReference; lastKnownFileType = sourcecode.swift; path = IOS_TwitterUITests.swift; sourceTree = "<group>"; };
		C5119B5222262FCA005DA1DC /* Info.plist */ = {isa = PBXFileReference; lastKnownFileType = text.plist.xml; path = Info.plist; sourceTree = "<group>"; };
/* End PBXFileReference section */

/* Begin PBXFrameworksBuildPhase section */
		C5119B2A22262FC4005DA1DC /* Frameworks */ = {
			isa = PBXFrameworksBuildPhase;
			buildActionMask = 2147483647;
			files = (
			);
			runOnlyForDeploymentPostprocessing = 0;
		};
		C5119B3E22262FC9005DA1DC /* Frameworks */ = {
			isa = PBXFrameworksBuildPhase;
			buildActionMask = 2147483647;
			files = (
			);
			runOnlyForDeploymentPostprocessing = 0;
		};
		C5119B4922262FC9005DA1DC /* Frameworks */ = {
			isa = PBXFrameworksBuildPhase;
			buildActionMask = 2147483647;
			files = (
			);
			runOnlyForDeploymentPostprocessing = 0;
		};
/* End PBXFrameworksBuildPhase section */

/* Begin PBXGroup section */
		C5119B2422262FC4005DA1DC = {
			isa = PBXGroup;
			children = (
				C5119B2F22262FC4005DA1DC /* IOS_Twitter */,
				C5119B4422262FC9005DA1DC /* IOS_TwitterTests */,
				C5119B4F22262FC9005DA1DC /* IOS_TwitterUITests */,
				C5119B2E22262FC4005DA1DC /* Products */,
			);
			sourceTree = "<group>";
		};
		C5119B2E22262FC4005DA1DC /* Products */ = {
			isa = PBXGroup;
			children = (
				C5119B2D22262FC4005DA1DC /* IOS_Twitter.app */,
				C5119B4122262FC9005DA1DC /* IOS_TwitterTests.xctest */,
				C5119B4C22262FC9005DA1DC /* IOS_TwitterUITests.xctest */,
			);
			name = Products;
			sourceTree = "<group>";
		};
		C5119B2F22262FC4005DA1DC /* IOS_Twitter */ = {
			isa = PBXGroup;
			children = (
				C5119B3022262FC5005DA1DC /* AppDelegate.swift */,
				C5119B3222262FC5005DA1DC /* ViewController.swift */,
				C5119B3422262FC5005DA1DC /* Main.storyboard */,
				C5119B3722262FC9005DA1DC /* Assets.xcassets */,
				C5119B3922262FC9005DA1DC /* LaunchScreen.storyboard */,
				C5119B3C22262FC9005DA1DC /* Info.plist */,
			);
			path = IOS_Twitter;
			sourceTree = "<group>";
		};
		C5119B4422262FC9005DA1DC /* IOS_TwitterTests */ = {
			isa = PBXGroup;
			children = (
				C5119B4522262FC9005DA1DC /* IOS_TwitterTests.swift */,
				C5119B4722262FC9005DA1DC /* Info.plist */,
			);
			path = IOS_TwitterTests;
			sourceTree = "<group>";
		};
		C5119B4F22262FC9005DA1DC /* IOS_TwitterUITests */ = {
			isa = PBXGroup;
			children = (
				C5119B5022262FC9005DA1DC /* IOS_TwitterUITests.swift */,
				C5119B5222262FCA005DA1DC /* Info.plist */,
			);
			path = IOS_TwitterUITests;
			sourceTree = "<group>";
		};
/* End PBXGroup section */

/* Begin PBXNativeTarget section */
		C5119B2C22262FC4005DA1DC /* IOS_Twitter */ = {
			isa = PBXNativeTarget;
			buildConfigurationList = C5119B5522262FCA005DA1DC /* Build configuration list for PBXNativeTarget "IOS_Twitter" */;
			buildPhases = (
				C5119B2922262FC4005DA1DC /* Sources */,
				C5119B2A22262FC4005DA1DC /* Frameworks */,
				C5119B2B22262FC4005DA1DC /* Resources */,
			);
			buildRules = (
			);
			dependencies = (
			);
			name = IOS_Twitter;
			productName = IOS_Twitter;
			productReference = C5119B2D22262FC4005DA1DC /* IOS_Twitter.app */;
			productType = "com.apple.product-type.application";
		};
		C5119B4022262FC9005DA1DC /* IOS_TwitterTests */ = {
			isa = PBXNativeTarget;
			buildConfigurationList = C5119B5822262FCA005DA1DC /* Build configuration list for PBXNativeTarget "IOS_TwitterTests" */;
			buildPhases = (
				C5119B3D22262FC9005DA1DC /* Sources */,
				C5119B3E22262FC9005DA1DC /* Frameworks */,
				C5119B3F22262FC9005DA1DC /* Resources */,
			);
			buildRules = (
			);
			dependencies = (
				C5119B4322262FC9005DA1DC /* PBXTargetDependency */,
			);
			name = IOS_TwitterTests;
			productName = IOS_TwitterTests;
			productReference = C5119B4122262FC9005DA1DC /* IOS_TwitterTests.xctest */;
			productType = "com.apple.product-type.bundle.unit-test";
		};
		C5119B4B22262FC9005DA1DC /* IOS_TwitterUITests */ = {
			isa = PBXNativeTarget;
			buildConfigurationList = C5119B5B22262FCA005DA1DC /* Build configuration list for PBXNativeTarget "IOS_TwitterUITests" */;
			buildPhases = (
				C5119B4822262FC9005DA1DC /* Sources */,
				C5119B4922262FC9005DA1DC /* Frameworks */,
				C5119B4A22262FC9005DA1DC /* Resources */,
			);
			buildRules = (
			);
			dependencies = (
				C5119B4E22262FC9005DA1DC /* PBXTargetDependency */,
			);
			name = IOS_TwitterUITests;
			productName = IOS_TwitterUITests;
			productReference = C5119B4C22262FC9005DA1DC /* IOS_TwitterUITests.xctest */;
			productType = "com.apple.product-type.bundle.ui-testing";
		};
/* End PBXNativeTarget section */

/* Begin PBXProject section */
		C5119B2522262FC4005DA1DC /* Project object */ = {
			isa = PBXProject;
			attributes = {
				LastSwiftUpdateCheck = 1010;
				LastUpgradeCheck = 1010;
				ORGANIZATIONNAME = "Sophia Qi Young";
				TargetAttributes = {
					C5119B2C22262FC4005DA1DC = {
						CreatedOnToolsVersion = 10.1;
					};
					C5119B4022262FC9005DA1DC = {
						CreatedOnToolsVersion = 10.1;
						TestTargetID = C5119B2C22262FC4005DA1DC;
					};
					C5119B4B22262FC9005DA1DC = {
						CreatedOnToolsVersion = 10.1;
						TestTargetID = C5119B2C22262FC4005DA1DC;
					};
				};
			};
			buildConfigurationList = C5119B2822262FC4005DA1DC /* Build configuration list for PBXProject "IOS_Twitter" */;
			compatibilityVersion = "Xcode 9.3";
			developmentRegion = en;
			hasScannedForEncodings = 0;
			knownRegions = (
				en,
				Base,
			);
			mainGroup = C5119B2422262FC4005DA1DC;
			productRefGroup = C5119B2E22262FC4005DA1DC /* Products */;
			projectDirPath = "";
			projectRoot = "";
			targets = (
				C5119B2C22262FC4005DA1DC /* IOS_Twitter */,
				C5119B4022262FC9005DA1DC /* IOS_TwitterTests */,
				C5119B4B22262FC9005DA1DC /* IOS_TwitterUITests */,
			);
		};
/* End PBXProject section */

/* Begin PBXResourcesBuildPhase section */
		C5119B2B22262FC4005DA1DC /* Resources */ = {
			isa = PBXResourcesBuildPhase;
			buildActionMask = 2147483647;
			files = (
				C5119B3B22262FC9005DA1DC /* LaunchScreen.storyboard in Resources */,
				C5119B3822262FC9005DA1DC /* Assets.xcassets in Resources */,
				C5119B3622262FC5005DA1DC /* Main.storyboard in Resources */,
			);
			runOnlyForDeploymentPostprocessing = 0;
		};
		C5119B3F22262FC9005DA1DC /* Resources */ = {
			isa = PBXResourcesBuildPhase;
			buildActionMask = 2147483647;
			files = (
			);
			runOnlyForDeploymentPostprocessing = 0;
		};
		C5119B4A22262FC9005DA1DC /* Resources */ = {
			isa = PBXResourcesBuildPhase;
			buildActionMask = 2147483647;
			files = (
			);
			runOnlyForDeploymentPostprocessing = 0;
		};
/* End PBXResourcesBuildPhase section */

/* Begin PBXSourcesBuildPhase section */
		C5119B2922262FC4005DA1DC /* Sources */ = {
			isa = PBXSourcesBuildPhase;
			buildActionMask = 2147483647;
			files = (
				C5119B3322262FC5005DA1DC /* ViewController.swift in Sources */,
				C5119B3122262FC5005DA1DC /* AppDelegate.swift in Sources */,
			);
			runOnlyForDeploymentPostprocessing = 0;
		};
		C5119B3D22262FC9005DA1DC /* Sources */ = {
			isa = PBXSourcesBuildPhase;
			buildActionMask = 2147483647;
			files = (
				C5119B4622262FC9005DA1DC /* IOS_TwitterTests.swift in Sources */,
			);
			runOnlyForDeploymentPostprocessing = 0;
		};
		C5119B4822262FC9005DA1DC /* Sources */ = {
			isa = PBXSourcesBuildPhase;
			buildActionMask = 2147483647;
			files = (
				C5119B5122262FC9005DA1DC /* IOS_TwitterUITests.swift in Sources */,
			);
			runOnlyForDeploymentPostprocessing = 0;
		};
/* End PBXSourcesBuildPhase section */

/* Begin PBXTargetDependency section */
		C5119B4322262FC9005DA1DC /* PBXTargetDependency */ = {
			isa = PBXTargetDependency;
			target = C5119B2C22262FC4005DA1DC /* IOS_Twitter */;
			targetProxy = C5119B4222262FC9005DA1DC /* PBXContainerItemProxy */;
		};
		C5119B4E22262FC9005DA1DC /* PBXTargetDependency */ = {
			isa = PBXTargetDependency;
			target = C5119B2C22262FC4005DA1DC /* IOS_Twitter */;
			targetProxy = C5119B4D22262FC9005DA1DC /* PBXContainerItemProxy */;
		};
/* End PBXTargetDependency section */

/* Begin PBXVariantGroup section */
		C5119B3422262FC5005DA1DC /* Main.storyboard */ = {
			isa = PBXVariantGroup;
			children = (
				C5119B3522262FC5005DA1DC /* Base */,
			);
			name = Main.storyboard;
			sourceTree = "<group>";
		};
		C5119B3922262FC9005DA1DC /* LaunchScreen.storyboard */ = {
			isa = PBXVariantGroup;
			children = (
				C5119B3A22262FC9005DA1DC /* Base */,
			);
			name = LaunchScreen.storyboard;
			sourceTree = "<group>";
		};
/* End PBXVariantGroup section */

/* Begin XCBuildConfiguration section */
		C5119B5322262FCA005DA1DC /* Debug */ = {
			isa = XCBuildConfiguration;
			buildSettings = {
				ALWAYS_SEARCH_USER_PATHS = NO;
				CLANG_ANALYZER_NONNULL = YES;
				CLANG_ANALYZER_NUMBER_OBJECT_CONVERSION = YES_AGGRESSIVE;
				CLANG_CXX_LANGUAGE_STANDARD = "gnu++14";
				CLANG_CXX_LIBRARY = "libc++";
				CLANG_ENABLE_MODULES = YES;
				CLANG_ENABLE_OBJC_ARC = YES;
				CLANG_ENABLE_OBJC_WEAK = YES;
				CLANG_WARN_BLOCK_CAPTURE_AUTORELEASING = YES;
				CLANG_WARN_BOOL_CONVERSION = YES;
				CLANG_WARN_COMMA = YES;
				CLANG_WARN_CONSTANT_CONVERSION = YES;
				CLANG_WARN_DEPRECATED_OBJC_IMPLEMENTATIONS = YES;
				CLANG_WARN_DIRECT_OBJC_ISA_USAGE = YES_ERROR;
				CLANG_WARN_DOCUMENTATION_COMMENTS = YES;
				CLANG_WARN_EMPTY_BODY = YES;
				CLANG_WARN_ENUM_CONVERSION = YES;
				CLANG_WARN_INFINITE_RECURSION = YES;
				CLANG_WARN_INT_CONVERSION = YES;
				CLANG_WARN_NON_LITERAL_NULL_CONVERSION = YES;
				CLANG_WARN_OBJC_IMPLICIT_RETAIN_SELF = YES;
				CLANG_WARN_OBJC_LITERAL_CONVERSION = YES;
				CLANG_WARN_OBJC_ROOT_CLASS = YES_ERROR;
				CLANG_WARN_RANGE_LOOP_ANALYSIS = YES;
				CLANG_WARN_STRICT_PROTOTYPES = YES;
				CLANG_WARN_SUSPICIOUS_MOVE = YES;
				CLANG_WARN_UNGUARDED_AVAILABILITY = YES_AGGRESSIVE;
				CLANG_WARN_UNREACHABLE_CODE = YES;
				CLANG_WARN__DUPLICATE_METHOD_MATCH = YES;
				CODE_SIGN_IDENTITY = "iPhone Developer";
				COPY_PHASE_STRIP = NO;
				DEBUG_INFORMATION_FORMAT = dwarf;
				ENABLE_STRICT_OBJC_MSGSEND = YES;
				ENABLE_TESTABILITY = YES;
				GCC_C_LANGUAGE_STANDARD = gnu11;
				GCC_DYNAMIC_NO_PIC = NO;
				GCC_NO_COMMON_BLOCKS = YES;
				GCC_OPTIMIZATION_LEVEL = 0;
				GCC_PREPROCESSOR_DEFINITIONS = (
					"DEBUG=1",
					"$(inherited)",
				);
				GCC_WARN_64_TO_32_BIT_CONVERSION = YES;
				GCC_WARN_ABOUT_RETURN_TYPE = YES_ERROR;
				GCC_WARN_UNDECLARED_SELECTOR = YES;
				GCC_WARN_UNINITIALIZED_AUTOS = YES_AGGRESSIVE;
				GCC_WARN_UNUSED_FUNCTION = YES;
				GCC_WARN_UNUSED_VARIABLE = YES;
				IPHONEOS_DEPLOYMENT_TARGET = 12.1;
				MTL_ENABLE_DEBUG_INFO = INCLUDE_SOURCE;
				MTL_FAST_MATH = YES;
				ONLY_ACTIVE_ARCH = YES;
				SDKROOT = iphoneos;
				SWIFT_ACTIVE_COMPILATION_CONDITIONS = DEBUG;
				SWIFT_OPTIMIZATION_LEVEL = "-Onone";
			};
			name = Debug;
		};
		C5119B5422262FCA005DA1DC /* Release */ = {
			isa = XCBuildConfiguration;
			buildSettings = {
				ALWAYS_SEARCH_USER_PATHS = NO;
				CLANG_ANALYZER_NONNULL = YES;
				CLANG_ANALYZER_NUMBER_OBJECT_CONVERSION = YES_AGGRESSIVE;
				CLANG_CXX_LANGUAGE_STANDARD = "gnu++14";
				CLANG_CXX_LIBRARY = "libc++";
				CLANG_ENABLE_MODULES = YES;
				CLANG_ENABLE_OBJC_ARC = YES;
				CLANG_ENABLE_OBJC_WEAK = YES;
				CLANG_WARN_BLOCK_CAPTURE_AUTORELEASING = YES;
				CLANG_WARN_BOOL_CONVERSION = YES;
				CLANG_WARN_COMMA = YES;
				CLANG_WARN_CONSTANT_CONVERSION = YES;
				CLANG_WARN_DEPRECATED_OBJC_IMPLEMENTATIONS = YES;
				CLANG_WARN_DIRECT_OBJC_ISA_USAGE = YES_ERROR;
				CLANG_WARN_DOCUMENTATION_COMMENTS = YES;
				CLANG_WARN_EMPTY_BODY = YES;
				CLANG_WARN_ENUM_CONVERSION = YES;
				CLANG_WARN_INFINITE_RECURSION = YES;
				CLANG_WARN_INT_CONVERSION = YES;
				CLANG_WARN_NON_LITERAL_NULL_CONVERSION = YES;
				CLANG_WARN_OBJC_IMPLICIT_RETAIN_SELF = YES;
				CLANG_WARN_OBJC_LITERAL_CONVERSION = YES;
				CLANG_WARN_OBJC_ROOT_CLASS = YES_ERROR;
				CLANG_WARN_RANGE_LOOP_ANALYSIS = YES;
				CLANG_WARN_STRICT_PROTOTYPES = YES;
				CLANG_WARN_SUSPICIOUS_MOVE = YES;
				CLANG_WARN_UNGUARDED_AVAILABILITY = YES_AGGRESSIVE;
				CLANG_WARN_UNREACHABLE_CODE = YES;
				CLANG_WARN__DUPLICATE_METHOD_MATCH = YES;
				CODE_SIGN_IDENTITY = "iPhone Developer";
				COPY_PHASE_STRIP = NO;
				DEBUG_INFORMATION_FORMAT = "dwarf-with-dsym";
				ENABLE_NS_ASSERTIONS = NO;
				ENABLE_STRICT_OBJC_MSGSEND = YES;
				GCC_C_LANGUAGE_STANDARD = gnu11;
				GCC_NO_COMMON_BLOCKS = YES;
				GCC_WARN_64_TO_32_BIT_CONVERSION = YES;
				GCC_WARN_ABOUT_RETURN_TYPE = YES_ERROR;
				GCC_WARN_UNDECLARED_SELECTOR = YES;
				GCC_WARN_UNINITIALIZED_AUTOS = YES_AGGRESSIVE;
				GCC_WARN_UNUSED_FUNCTION = YES;
				GCC_WARN_UNUSED_VARIABLE = YES;
				IPHONEOS_DEPLOYMENT_TARGET = 12.1;
				MTL_ENABLE_DEBUG_INFO = NO;
				MTL_FAST_MATH = YES;
				SDKROOT = iphoneos;
				SWIFT_COMPILATION_MODE = wholemodule;
				SWIFT_OPTIMIZATION_LEVEL = "-O";
				VALIDATE_PRODUCT = YES;
			};
			name = Release;
		};
		C5119B5622262FCA005DA1DC /* Debug */ = {
			isa = XCBuildConfiguration;
			buildSettings = {
				ASSETCATALOG_COMPILER_APPICON_NAME = AppIcon;
				CODE_SIGN_STYLE = Automatic;
				INFOPLIST_FILE = IOS_Twitter/Info.plist;
				LD_RUNPATH_SEARCH_PATHS = (
					"$(inherited)",
					"@executable_path/Frameworks",
				);
				PRODUCT_BUNDLE_IDENTIFIER = "UCSD.IOS-Twitter";
				PRODUCT_NAME = "$(TARGET_NAME)";
				SWIFT_VERSION = 4.2;
				TARGETED_DEVICE_FAMILY = "1,2";
			};
			name = Debug;
		};
		C5119B5722262FCA005DA1DC /* Release */ = {
			isa = XCBuildConfiguration;
			buildSettings = {
				ASSETCATALOG_COMPILER_APPICON_NAME = AppIcon;
				CODE_SIGN_STYLE = Automatic;
				INFOPLIST_FILE = IOS_Twitter/Info.plist;
				LD_RUNPATH_SEARCH_PATHS = (
					"$(inherited)",
					"@executable_path/Frameworks",
				);
				PRODUCT_BUNDLE_IDENTIFIER = "UCSD.IOS-Twitter";
				PRODUCT_NAME = "$(TARGET_NAME)";
				SWIFT_VERSION = 4.2;
				TARGETED_DEVICE_FAMILY = "1,2";
			};
			name = Release;
		};
		C5119B5922262FCA005DA1DC /* Debug */ = {
			isa = XCBuildConfiguration;
			buildSettings = {
				ALWAYS_EMBED_SWIFT_STANDARD_LIBRARIES = YES;
				BUNDLE_LOADER = "$(TEST_HOST)";
				CODE_SIGN_STYLE = Automatic;
				INFOPLIST_FILE = IOS_TwitterTests/Info.plist;
				LD_RUNPATH_SEARCH_PATHS = (
					"$(inherited)",
					"@executable_path/Frameworks",
					"@loader_path/Frameworks",
				);
				PRODUCT_BUNDLE_IDENTIFIER = "UCSD.IOS-TwitterTests";
				PRODUCT_NAME = "$(TARGET_NAME)";
				SWIFT_VERSION = 4.2;
				TARGETED_DEVICE_FAMILY = "1,2";
				TEST_HOST = "$(BUILT_PRODUCTS_DIR)/IOS_Twitter.app/IOS_Twitter";
			};
			name = Debug;
		};
		C5119B5A22262FCA005DA1DC /* Release */ = {
			isa = XCBuildConfiguration;
			buildSettings = {
				ALWAYS_EMBED_SWIFT_STANDARD_LIBRARIES = YES;
				BUNDLE_LOADER = "$(TEST_HOST)";
				CODE_SIGN_STYLE = Automatic;
				INFOPLIST_FILE = IOS_TwitterTests/Info.plist;
				LD_RUNPATH_SEARCH_PATHS = (
					"$(inherited)",
					"@executable_path/Frameworks",
					"@loader_path/Frameworks",
				);
				PRODUCT_BUNDLE_IDENTIFIER = "UCSD.IOS-TwitterTests";
				PRODUCT_NAME = "$(TARGET_NAME)";
				SWIFT_VERSION = 4.2;
				TARGETED_DEVICE_FAMILY = "1,2";
				TEST_HOST = "$(BUILT_PRODUCTS_DIR)/IOS_Twitter.app/IOS_Twitter";
			};
			name = Release;
		};
		C5119B5C22262FCA005DA1DC /* Debug */ = {
			isa = XCBuildConfiguration;
			buildSettings = {
				ALWAYS_EMBED_SWIFT_STANDARD_LIBRARIES = YES;
				CODE_SIGN_STYLE = Automatic;
				INFOPLIST_FILE = IOS_TwitterUITests/Info.plist;
				LD_RUNPATH_SEARCH_PATHS = (
					"$(inherited)",
					"@executable_path/Frameworks",
					"@loader_path/Frameworks",
				);
				PRODUCT_BUNDLE_IDENTIFIER = "UCSD.IOS-TwitterUITests";
				PRODUCT_NAME = "$(TARGET_NAME)";
				SWIFT_VERSION = 4.2;
				TARGETED_DEVICE_FAMILY = "1,2";
				TEST_TARGET_NAME = IOS_Twitter;
			};
			name = Debug;
		};
		C5119B5D22262FCA005DA1DC /* Release */ = {
			isa = XCBuildConfiguration;
			buildSettings = {
				ALWAYS_EMBED_SWIFT_STANDARD_LIBRARIES = YES;
				CODE_SIGN_STYLE = Automatic;
				INFOPLIST_FILE = IOS_TwitterUITests/Info.plist;
				LD_RUNPATH_SEARCH_PATHS = (
					"$(inherited)",
					"@executable_path/Frameworks",
					"@loader_path/Frameworks",
				);
				PRODUCT_BUNDLE_IDENTIFIER = "UCSD.IOS-TwitterUITests";
				PRODUCT_NAME = "$(TARGET_NAME)";
				SWIFT_VERSION = 4.2;
				TARGETED_DEVICE_FAMILY = "1,2";
				TEST_TARGET_NAME = IOS_Twitter;
			};
			name = Release;
		};
/* End XCBuildConfiguration section */

/* Begin XCConfigurationList section */
		C5119B2822262FC4005DA1DC /* Build configuration list for PBXProject "IOS_Twitter" */ = {
			isa = XCConfigurationList;
			buildConfigurations = (
				C5119B5322262FCA005DA1DC /* Debug */,
				C5119B5422262FCA005DA1DC /* Release */,
			);
			defaultConfigurationIsVisible = 0;
			defaultConfigurationName = Release;
		};
		C5119B5522262FCA005DA1DC /* Build configuration list for PBXNativeTarget "IOS_Twitter" */ = {
			isa = XCConfigurationList;
			buildConfigurations = (
				C5119B5622262FCA005DA1DC /* Debug */,
				C5119B5722262FCA005DA1DC /* Release */,
			);
			defaultConfigurationIsVisible = 0;
			defaultConfigurationName = Release;
		};
		C5119B5822262FCA005DA1DC /* Build configuration list for PBXNativeTarget "IOS_TwitterTests" */ = {
			isa = XCConfigurationList;
			buildConfigurations = (
				C5119B5922262FCA005DA1DC /* Debug */,
				C5119B5A22262FCA005DA1DC /* Release */,
			);
			defaultConfigurationIsVisible = 0;
			defaultConfigurationName = Release;
		};
		C5119B5B22262FCA005DA1DC /* Build configuration list for PBXNativeTarget "IOS_TwitterUITests" */ = {
			isa = XCConfigurationList;
			buildConfigurations = (
				C5119B5C22262FCA005DA1DC /* Debug */,
				C5119B5D22262FCA005DA1DC /* Release */,
			);
			defaultConfigurationIsVisible = 0;
			defaultConfigurationName = Release;
		};
/* End XCConfigurationList section */
	};
	rootObject = C5119B2522262FC4005DA1DC /* Project object */;
}
